# This file is automatically @generated by Cargo.
# It is not intended for manual editing.
version = 3

[[package]]
name = "hdm-api"
version = "0.1.0"
dependencies = [
 "hdm-core",
 "hdm-crypto",
 "hdm-json",
]

[[package]]
name = "hdm-cli"
version = "0.1.0"
dependencies = [
 "hdm-crypto",
 "hdm-json",
 "hdm-net",
]

[[package]]
name = "hdm-core"
version = "0.1.0"
dependencies = [
 "hdm-crypto",
 "hdm-json",
 "hdm-net",
 "hdm-testserver",
]

[[package]]
name = "hdm-crypto"
version = "0.1.0"

[[package]]
name = "hdm-daemon"
version = "0.1.0"
dependencies = [
 "hdm-api",
 "hdm-core",
 "hdm-crypto",
 "hdm-json",
 "hdm-net",
]

[[package]]
name = "hdm-host"
version = "0.1.0"
dependencies = [
 "hdm-crypto",
 "hdm-json",
]

[[package]]
name = "hdm-json"
version = "0.1.0"

[[package]]
name = "hdm-net"
version = "0.1.0"
dependencies = [
 "hdm-crypto",
 "hdm-testserver",
]

[[package]]
name = "hdm-testserver"
version = "0.1.0"
